// !$*UTF8*$!
{
	archiveVersion = 1;
	classes = {
	};
	objectVersion = 46;
	objects = {

/* Begin PBXBuildFile section */
		5288EE671DF3EF2500F2E4B6 /* Type2.swift in Sources */ = {isa = PBXBuildFile; fileRef = 5288EE661DF3EF2500F2E4B6 /* Type2.swift */; };
		DB6F5E181DF3A8E60097137B /* AppDelegate.swift in Sources */ = {isa = PBXBuildFile; fileRef = DB6F5E171DF3A8E60097137B /* AppDelegate.swift */; };
		DB6F5E1A1DF3A8E60097137B /* TOP.swift in Sources */ = {isa = PBXBuildFile; fileRef = DB6F5E191DF3A8E60097137B /* TOP.swift */; };
		DB6F5E1D1DF3A8E60097137B /* Main.storyboard in Resources */ = {isa = PBXBuildFile; fileRef = DB6F5E1B1DF3A8E60097137B /* Main.storyboard */; };
		DB6F5E1F1DF3A8E60097137B /* Assets.xcassets in Resources */ = {isa = PBXBuildFile; fileRef = DB6F5E1E1DF3A8E60097137B /* Assets.xcassets */; };
		DB6F5E221DF3A8E60097137B /* LaunchScreen.storyboard in Resources */ = {isa = PBXBuildFile; fileRef = DB6F5E201DF3A8E60097137B /* LaunchScreen.storyboard */; };
		DBB435F21DF3B5A6003A0014 /* img001.jpg in Resources */ = {isa = PBXBuildFile; fileRef = DBB435EF1DF3B5A6003A0014 /* img001.jpg */; };
		DBB435F31DF3B5A6003A0014 /* img002.jpg in Resources */ = {isa = PBXBuildFile; fileRef = DBB435F01DF3B5A6003A0014 /* img002.jpg */; };
		DBB435F41DF3B5A6003A0014 /* img003.jpg in Resources */ = {isa = PBXBuildFile; fileRef = DBB435F11DF3B5A6003A0014 /* img003.jpg */; };
/* End PBXBuildFile section */

/* Begin PBXFileReference section */
		5288EE661DF3EF2500F2E4B6 /* Type2.swift */ = {isa = PBXFileReference; fileEncoding = 4; lastKnownFileType = sourcecode.swift; path = Type2.swift; sourceTree = "<group>"; };
		DB6F5E141DF3A8E60097137B /* 1204_koiben.app */ = {isa = PBXFileReference; explicitFileType = wrapper.application; includeInIndex = 0; path = 1204_koiben.app; sourceTree = BUILT_PRODUCTS_DIR; };
		DB6F5E171DF3A8E60097137B /* AppDelegate.swift */ = {isa = PBXFileReference; lastKnownFileType = sourcecode.swift; path = AppDelegate.swift; sourceTree = "<group>"; };
		DB6F5E191DF3A8E60097137B /* TOP.swift */ = {isa = PBXFileReference; lastKnownFileType = sourcecode.swift; path = TOP.swift; sourceTree = "<group>"; };
		DB6F5E1C1DF3A8E60097137B /* Base */ = {isa = PBXFileReference; lastKnownFileType = file.storyboard; name = Base; path = Base.lproj/Main.storyboard; sourceTree = "<group>"; };
		DB6F5E1E1DF3A8E60097137B /* Assets.xcassets */ = {isa = PBXFileReference; lastKnownFileType = folder.assetcatalog; path = Assets.xcassets; sourceTree = "<group>"; };
		DB6F5E211DF3A8E60097137B /* Base */ = {isa = PBXFileReference; lastKnownFileType = file.storyboard; name = Base; path = Base.lproj/LaunchScreen.storyboard; sourceTree = "<group>"; };
		DB6F5E231DF3A8E60097137B /* Info.plist */ = {isa = PBXFileReference; lastKnownFileType = text.plist.xml; path = Info.plist; sourceTree = "<group>"; };
		DBB435EF1DF3B5A6003A0014 /* img001.jpg */ = {isa = PBXFileReference; lastKnownFileType = image.jpeg; path = img001.jpg; sourceTree = "<group>"; };
		DBB435F01DF3B5A6003A0014 /* img002.jpg */ = {isa = PBXFileReference; lastKnownFileType = image.jpeg; path = img002.jpg; sourceTree = "<group>"; };
		DBB435F11DF3B5A6003A0014 /* img003.jpg */ = {isa = PBXFileReference; lastKnownFileType = image.jpeg; path = img003.jpg; sourceTree = "<group>"; };
/* End PBXFileReference section */

/* Begin PBXFrameworksBuildPhase section */
		DB6F5E111DF3A8E60097137B /* Frameworks */ = {
			isa = PBXFrameworksBuildPhase;
			buildActionMask = 2147483647;
			files = (
			);
			runOnlyForDeploymentPostprocessing = 0;
		};
/* End PBXFrameworksBuildPhase section */

/* Begin PBXGroup section */
		DB6F5E0B1DF3A8E60097137B = {
			isa = PBXGroup;
			children = (
				DBB435EE1DF3B5A6003A0014 /* main_img */,
				DB6F5E161DF3A8E60097137B /* 1204_koiben */,
				DB6F5E151DF3A8E60097137B /* Products */,
			);
			sourceTree = "<group>";
		};
		DB6F5E151DF3A8E60097137B /* Products */ = {
			isa = PBXGroup;
			children = (
				DB6F5E141DF3A8E60097137B /* 1204_koiben.app */,
			);
			name = Products;
			sourceTree = "<group>";
		};
		DB6F5E161DF3A8E60097137B /* 1204_koiben */ = {
			isa = PBXGroup;
			children = (
				DB6F5E171DF3A8E60097137B /* AppDelegate.swift */,
				DB6F5E191DF3A8E60097137B /* TOP.swift */,
				5288EE661DF3EF2500F2E4B6 /* Type2.swift */,
				DB6F5E1B1DF3A8E60097137B /* Main.storyboard */,
				DB6F5E1E1DF3A8E60097137B /* Assets.xcassets */,
				DB6F5E201DF3A8E60097137B /* LaunchScreen.storyboard */,
				DB6F5E231DF3A8E60097137B /* Info.plist */,
			);
			path = 1204_koiben;
			sourceTree = "<group>";
		};
		DBB435EE1DF3B5A6003A0014 /* main_img */ = {
			isa = PBXGroup;
			children = (
				DBB435EF1DF3B5A6003A0014 /* img001.jpg */,
				DBB435F01DF3B5A6003A0014 /* img002.jpg */,
				DBB435F11DF3B5A6003A0014 /* img003.jpg */,
			);
			path = main_img;
			sourceTree = "<group>";
		};
/* End PBXGroup section */

/* Begin PBXNativeTarget section */
		DB6F5E131DF3A8E60097137B /* 1204_koiben */ = {
			isa = PBXNativeTarget;
			buildConfigurationList = DB6F5E261DF3A8E60097137B /* Build configuration list for PBXNativeTarget "1204_koiben" */;
			buildPhases = (
				DB6F5E101DF3A8E60097137B /* Sources */,
				DB6F5E111DF3A8E60097137B /* Frameworks */,
				DB6F5E121DF3A8E60097137B /* Resources */,
			);
			buildRules = (
			);
			dependencies = (
			);
			name = 1204_koiben;
			productName = 1204_koiben;
			productReference = DB6F5E141DF3A8E60097137B /* 1204_koiben.app */;
			productType = "com.apple.product-type.application";
		};
/* End PBXNativeTarget section */

/* Begin PBXProject section */
		DB6F5E0C1DF3A8E60097137B /* Project object */ = {
			isa = PBXProject;
			attributes = {
				LastSwiftUpdateCheck = 0810;
				LastUpgradeCheck = 0810;
				ORGANIZATIONNAME = mycompany;
				TargetAttributes = {
					DB6F5E131DF3A8E60097137B = {
						CreatedOnToolsVersion = 8.1;
						ProvisioningStyle = Automatic;
					};
				};
			};
			buildConfigurationList = DB6F5E0F1DF3A8E60097137B /* Build configuration list for PBXProject "1204_koiben" */;
			compatibilityVersion = "Xcode 3.2";
			developmentRegion = English;
			hasScannedForEncodings = 0;
			knownRegions = (
				en,
				Base,
			);
			mainGroup = DB6F5E0B1DF3A8E60097137B;
			productRefGroup = DB6F5E151DF3A8E60097137B /* Products */;
			projectDirPath = "";
			projectRoot = "";
			targets = (
				DB6F5E131DF3A8E60097137B /* 1204_koiben */,
			);
		};
/* End PBXProject section */

/* Begin PBXResourcesBuildPhase section */
		DB6F5E121DF3A8E60097137B /* Resources */ = {
			isa = PBXResourcesBuildPhase;
			buildActionMask = 2147483647;
			files = (
				DB6F5E221DF3A8E60097137B /* LaunchScreen.storyboard in Resources */,
				DBB435F41DF3B5A6003A0014 /* img003.jpg in Resources */,
				DBB435F31DF3B5A6003A0014 /* img002.jpg in Resources */,
				DB6F5E1F1DF3A8E60097137B /* Assets.xcassets in Resources */,
				DB6F5E1D1DF3A8E60097137B /* Main.storyboard in Resources */,
				DBB435F21DF3B5A6003A0014 /* img001.jpg in Resources */,
			);
			runOnlyForDeploymentPostprocessing = 0;
		};
/* End PBXResourcesBuildPhase section */

/* Begin PBXSourcesBuildPhase section */
		DB6F5E101DF3A8E60097137B /* Sources */ = {
			isa = PBXSourcesBuildPhase;
			buildActionMask = 2147483647;
			files = (
				DB6F5E1A1DF3A8E60097137B /* TOP.swift in Sources */,
				DB6F5E181DF3A8E60097137B /* AppDelegate.swift in Sources */,
				5288EE671DF3EF2500F2E4B6 /* Type2.swift in Sources */,
			);
			runOnlyForDeploymentPostprocessing = 0;
		};
/* End PBXSourcesBuildPhase section */

/* Begin PBXVariantGroup section */
		DB6F5E1B1DF3A8E60097137B /* Main.storyboard */ = {
			isa = PBXVariantGroup;
			children = (
				DB6F5E1C1DF3A8E60097137B /* Base */,
			);
			name = Main.storyboard;
			sourceTree = "<group>";
		};
		DB6F5E201DF3A8E60097137B /* LaunchScreen.storyboard */ = {
			isa = PBXVariantGroup;
			children = (
				DB6F5E211DF3A8E60097137B /* Base */,
			);
			name = LaunchScreen.storyboard;
			sourceTree = "<group>";
		};
/* End PBXVariantGroup section */

/* Begin XCBuildConfiguration section */
		DB6F5E241DF3A8E60097137B /* Debug */ = {
			isa = XCBuildConfiguration;
			buildSettings = {
				ALWAYS_SEARCH_USER_PATHS = NO;
				CLANG_ANALYZER_NONNULL = YES;
				CLANG_CXX_LANGUAGE_STANDARD = "gnu++0x";
				CLANG_CXX_LIBRARY = "libc++";
				CLANG_ENABLE_MODULES = YES;
				CLANG_ENABLE_OBJC_ARC = YES;
				CLANG_WARN_BOOL_CONVERSION = YES;
				CLANG_WARN_CONSTANT_CONVERSION = YES;
				CLANG_WARN_DIRECT_OBJC_ISA_USAGE = YES_ERROR;
				CLANG_WARN_DOCUMENTATION_COMMENTS = YES;
				CLANG_WARN_EMPTY_BODY = YES;
				CLANG_WARN_ENUM_CONVERSION = YES;
				CLANG_WARN_INFINITE_RECURSION = YES;
				CLANG_WARN_INT_CONVERSION = YES;
				CLANG_WARN_OBJC_ROOT_CLASS = YES_ERROR;
				CLANG_WARN_SUSPICIOUS_MOVES = YES;
				CLANG_WARN_UNREACHABLE_CODE = YES;
				CLANG_WARN__DUPLICATE_METHOD_MATCH = YES;
				"CODE_SIGN_IDENTITY[sdk=iphoneos*]" = "iPhone Developer";
				COPY_PHASE_STRIP = NO;
				DEBUG_INFORMATION_FORMAT = dwarf;
				ENABLE_STRICT_OBJC_MSGSEND = YES;
				ENABLE_TESTABILITY = YES;
				GCC_C_LANGUAGE_STANDARD = gnu99;
				GCC_DYNAMIC_NO_PIC = NO;
				GCC_NO_COMMON_BLOCKS = YES;
				GCC_OPTIMIZATION_LEVEL = 0;
				GCC_PREPROCESSOR_DEFINITIONS = (
					"DEBUG=1",
					"$(inherited)",
				);
				GCC_WARN_64_TO_32_BIT_CONVERSION = YES;
				GCC_WARN_ABOUT_RETURN_TYPE = YES_ERROR;
				GCC_WARN_UNDECLARED_SELECTOR = YES;
				GCC_WARN_UNINITIALIZED_AUTOS = YES_AGGRESSIVE;
				GCC_WARN_UNUSED_FUNCTION = YES;
				GCC_WARN_UNUSED_VARIABLE = YES;
				IPHONEOS_DEPLOYMENT_TARGET = 10.1;
				MTL_ENABLE_DEBUG_INFO = YES;
				ONLY_ACTIVE_ARCH = YES;
				SDKROOT = iphoneos;
				SWIFT_ACTIVE_COMPILATION_CONDITIONS = DEBUG;
				SWIFT_OPTIMIZATION_LEVEL = "-Onone";
				TARGETED_DEVICE_FAMILY = "1,2";
			};
			name = Debug;
		};
		DB6F5E251DF3A8E60097137B /* Release */ = {
			isa = XCBuildConfiguration;
			buildSettings = {
				ALWAYS_SEARCH_USER_PATHS = NO;
				CLANG_ANALYZER_NONNULL = YES;
				CLANG_CXX_LANGUAGE_STANDARD = "gnu++0x";
				CLANG_CXX_LIBRARY = "libc++";
				CLANG_ENABLE_MODULES = YES;
				CLANG_ENABLE_OBJC_ARC = YES;
				CLANG_WARN_BOOL_CONVERSION = YES;
				CLANG_WARN_CONSTANT_CONVERSION = YES;
				CLANG_WARN_DIRECT_OBJC_ISA_USAGE = YES_ERROR;
				CLANG_WARN_DOCUMENTATION_COMMENTS = YES;
				CLANG_WARN_EMPTY_BODY = YES;
				CLANG_WARN_ENUM_CONVERSION = YES;
				CLANG_WARN_INFINITE_RECURSION = YES;
				CLANG_WARN_INT_CONVERSION = YES;
				CLANG_WARN_OBJC_ROOT_CLASS = YES_ERROR;
				CLANG_WARN_SUSPICIOUS_MOVES = YES;
				CLANG_WARN_UNREACHABLE_CODE = YES;
				CLANG_WARN__DUPLICATE_METHOD_MATCH = YES;
				"CODE_SIGN_IDENTITY[sdk=iphoneos*]" = "iPhone Developer";
				COPY_PHASE_STRIP = NO;
				DEBUG_INFORMATION_FORMAT = "dwarf-with-dsym";
				ENABLE_NS_ASSERTIONS = NO;
				ENABLE_STRICT_OBJC_MSGSEND = YES;
				GCC_C_LANGUAGE_STANDARD = gnu99;
				GCC_NO_COMMON_BLOCKS = YES;
				GCC_WARN_64_TO_32_BIT_CONVERSION = YES;
				GCC_WARN_ABOUT_RETURN_TYPE = YES_ERROR;
				GCC_WARN_UNDECLARED_SELECTOR = YES;
				GCC_WARN_UNINITIALIZED_AUTOS = YES_AGGRESSIVE;
				GCC_WARN_UNUSED_FUNCTION = YES;
				GCC_WARN_UNUSED_VARIABLE = YES;
				IPHONEOS_DEPLOYMENT_TARGET = 10.1;
				MTL_ENABLE_DEBUG_INFO = NO;
				SDKROOT = iphoneos;
				SWIFT_OPTIMIZATION_LEVEL = "-Owholemodule";
				TARGETED_DEVICE_FAMILY = "1,2";
				VALIDATE_PRODUCT = YES;
			};
			name = Release;
		};
		DB6F5E271DF3A8E60097137B /* Debug */ = {
			isa = XCBuildConfiguration;
			buildSettings = {
				ASSETCATALOG_COMPILER_APPICON_NAME = AppIcon;
				INFOPLIST_FILE = 1204_koiben/Info.plist;
				LD_RUNPATH_SEARCH_PATHS = "$(inherited) @executable_path/Frameworks";
				PRODUCT_BUNDLE_IDENTIFIER = "com.mycompany.-204-koiben";
				PRODUCT_NAME = "$(TARGET_NAME)";
				SWIFT_VERSION = 3.0;
			};
			name = Debug;
		};
		DB6F5E281DF3A8E60097137B /* Release */ = {
			isa = XCBuildConfiguration;
			buildSettings = {
				ASSETCATALOG_COMPILER_APPICON_NAME = AppIcon;
				INFOPLIST_FILE = 1204_koiben/Info.plist;
				LD_RUNPATH_SEARCH_PATHS = "$(inherited) @executable_path/Frameworks";
				PRODUCT_BUNDLE_IDENTIFIER = "com.mycompany.-204-koiben";
				PRODUCT_NAME = "$(TARGET_NAME)";
				SWIFT_VERSION = 3.0;
			};
			name = Release;
		};
/* End XCBuildConfiguration section */

/* Begin XCConfigurationList section */
		DB6F5E0F1DF3A8E60097137B /* Build configuration list for PBXProject "1204_koiben" */ = {
			isa = XCConfigurationList;
			buildConfigurations = (
				DB6F5E241DF3A8E60097137B /* Debug */,
				DB6F5E251DF3A8E60097137B /* Release */,
			);
			defaultConfigurationIsVisible = 0;
			defaultConfigurationName = Release;
		};
		DB6F5E261DF3A8E60097137B /* Build configuration list for PBXNativeTarget "1204_koiben" */ = {
			isa = XCConfigurationList;
			buildConfigurations = (
				DB6F5E271DF3A8E60097137B /* Debug */,
				DB6F5E281DF3A8E60097137B /* Release */,
			);
			defaultConfigurationIsVisible = 0;
			defaultConfigurationName = Release;
		};
/* End XCConfigurationList section */
	};
	rootObject = DB6F5E0C1DF3A8E60097137B /* Project object */;
}
